
Microsoft Visual Studio Solution File, Format Version 12.00
# Visual Studio 15
VisualStudioVersion = 15.0.28010.2048
MinimumVisualStudioVersion = 10.0.40219.1
Project("{9A19103F-16F7-4668-BE54-9A1E7A4F7556}") = "CopaDeFilmes.Api", "CopaDeFilmes.Api\CopaDeFilmes.Api.csproj", "{0C809348-E60F-4BA0-9202-B17E6CFBAE04}"
EndProject
Project("{9A19103F-16F7-4668-BE54-9A1E7A4F7556}") = "CopaDeFilmes.Domain", "CopaDeFilmes.Domain\CopaDeFilmes.Domain.csproj", "{36576B09-9F6E-44D4-A23D-8C07B6FA1AD2}"
EndProject
Project("{9A19103F-16F7-4668-BE54-9A1E7A4F7556}") = "CopaDeFilmes.Test", "CopaDeFilmes.Test\CopaDeFilmes.Test.csproj", "{235BF635-E04D-4CA2-B740-DBBB869655ED}"
EndProject
Project("{FAE04EC0-301F-11D3-BF4B-00C04F79EFBC}") = "CopaDeFilmes.DI", "CopaDeFilmes.DI\CopaDeFilmes.DI.csproj", "{7E3D8316-C1B5-47F8-9B79-A36AD17B8138}"
EndProject
Project("{FAE04EC0-301F-11D3-BF4B-00C04F79EFBC}") = "CopaDeFilmes.Application", "CopaDeFilmes.Application\CopaDeFilmes.Application.csproj", "{BBFA19DC-1F80-4DFF-B3DF-DA299D740E63}"
EndProject
Project("{FAE04EC0-301F-11D3-BF4B-00C04F79EFBC}") = "CopaDeFilmes.Infra", "CopaDeFilmes.Infra\CopaDeFilmes.Infra.csproj", "{DE4DCE82-343A-41E6-B4B9-464CDE015690}"
EndProject
Global
	GlobalSection(SolutionConfigurationPlatforms) = preSolution
		Debug|Any CPU = Debug|Any CPU
		Release|Any CPU = Release|Any CPU
	EndGlobalSection
	GlobalSection(ProjectConfigurationPlatforms) = postSolution
		{0C809348-E60F-4BA0-9202-B17E6CFBAE04}.Debug|Any CPU.ActiveCfg = Debug|Any CPU
		{0C809348-E60F-4BA0-9202-B17E6CFBAE04}.Debug|Any CPU.Build.0 = Debug|Any CPU
		{0C809348-E60F-4BA0-9202-B17E6CFBAE04}.Release|Any CPU.ActiveCfg = Release|Any CPU
		{0C809348-E60F-4BA0-9202-B17E6CFBAE04}.Release|Any CPU.Build.0 = Release|Any CPU
		{36576B09-9F6E-44D4-A23D-8C07B6FA1AD2}.Debug|Any CPU.ActiveCfg = Debug|Any CPU
		{36576B09-9F6E-44D4-A23D-8C07B6FA1AD2}.Debug|Any CPU.Build.0 = Debug|Any CPU
		{36576B09-9F6E-44D4-A23D-8C07B6FA1AD2}.Release|Any CPU.ActiveCfg = Release|Any CPU
		{36576B09-9F6E-44D4-A23D-8C07B6FA1AD2}.Release|Any CPU.Build.0 = Release|Any CPU
		{235BF635-E04D-4CA2-B740-DBBB869655ED}.Debug|Any CPU.ActiveCfg = Debug|Any CPU
		{235BF635-E04D-4CA2-B740-DBBB869655ED}.Debug|Any CPU.Build.0 = Debug|Any CPU
		{235BF635-E04D-4CA2-B740-DBBB869655ED}.Release|Any CPU.ActiveCfg = Release|Any CPU
		{235BF635-E04D-4CA2-B740-DBBB869655ED}.Release|Any CPU.Build.0 = Release|Any CPU
		{7E3D8316-C1B5-47F8-9B79-A36AD17B8138}.Debug|Any CPU.ActiveCfg = Debug|Any CPU
		{7E3D8316-C1B5-47F8-9B79-A36AD17B8138}.Debug|Any CPU.Build.0 = Debug|Any CPU
		{7E3D8316-C1B5-47F8-9B79-A36AD17B8138}.Release|Any CPU.ActiveCfg = Release|Any CPU
		{7E3D8316-C1B5-47F8-9B79-A36AD17B8138}.Release|Any CPU.Build.0 = Release|Any CPU
		{BBFA19DC-1F80-4DFF-B3DF-DA299D740E63}.Debug|Any CPU.ActiveCfg = Debug|Any CPU
		{BBFA19DC-1F80-4DFF-B3DF-DA299D740E63}.Debug|Any CPU.Build.0 = Debug|Any CPU
		{BBFA19DC-1F80-4DFF-B3DF-DA299D740E63}.Release|Any CPU.ActiveCfg = Release|Any CPU
		{BBFA19DC-1F80-4DFF-B3DF-DA299D740E63}.Release|Any CPU.Build.0 = Release|Any CPU
		{DE4DCE82-343A-41E6-B4B9-464CDE015690}.Debug|Any CPU.ActiveCfg = Debug|Any CPU
		{DE4DCE82-343A-41E6-B4B9-464CDE015690}.Debug|Any CPU.Build.0 = Debug|Any CPU
		{DE4DCE82-343A-41E6-B4B9-464CDE015690}.Release|Any CPU.ActiveCfg = Release|Any CPU
		{DE4DCE82-343A-41E6-B4B9-464CDE015690}.Release|Any CPU.Build.0 = Release|Any CPU
	EndGlobalSection
	GlobalSection(SolutionProperties) = preSolution
		HideSolutionNode = FALSE
	EndGlobalSection
	GlobalSection(ExtensibilityGlobals) = postSolution
		SolutionGuid = {A415F9E6-E44C-45C3-9CD8-F68220D6B323}
	EndGlobalSection
EndGlobal
